
Microsoft Visual Studio Solution File, Format Version 12.00
# Visual Studio 15
VisualStudioVersion = 15.0.26430.6
MinimumVisualStudioVersion = 10.0.40219.1
Project("{FAE04EC0-301F-11D3-BF4B-00C04F79EFBC}") = "01. Hello, Name!", "01. Hello, Name!\01. Hello, Name!.csproj", "{87A953C2-E081-48F5-A2A3-A33C5922223C}"
EndProject
Project("{FAE04EC0-301F-11D3-BF4B-00C04F79EFBC}") = "02. Max Method", "02. Max Method\02. Max Method.csproj", "{970B2A0B-47A9-4C84-8411-912D0C2CE7EC}"
EndProject
Project("{FAE04EC0-301F-11D3-BF4B-00C04F79EFBC}") = "03. English Name of Last Digit", "03. English Name of Last Digit\03. English Name of Last Digit.csproj", "{755B9BC7-2DB2-4B67-927B-27DD15D8DA18}"
EndProject
Project("{FAE04EC0-301F-11D3-BF4B-00C04F79EFBC}") = "04. Numbers in Reversed Order", "04. Numbers in Reversed Order\04. Numbers in Reversed Order.csproj", "{C4585B10-D2DA-4FE8-BF8B-89C14EB22A11}"
EndProject
Project("{FAE04EC0-301F-11D3-BF4B-00C04F79EFBC}") = "05. Fibonacci Numbers", "05. Fibonacci Numbers\05. Fibonacci Numbers.csproj", "{C625C60E-ED96-4FB3-BF1D-4CAC264D5E96}"
EndProject
Project("{FAE04EC0-301F-11D3-BF4B-00C04F79EFBC}") = "06. Prime Checker", "06. Prime Checker\06. Prime Checker.csproj", "{D5C00427-A049-456C-80CB-AE7A70118D08}"
EndProject
Project("{FAE04EC0-301F-11D3-BF4B-00C04F79EFBC}") = "07. Primes in Given Range", "07. Primes in Given Range\07. Primes in Given Range.csproj", "{949AFC63-05C4-4B05-BFE3-E331A937BDD7}"
EndProject
Project("{FAE04EC0-301F-11D3-BF4B-00C04F79EFBC}") = "08. Center Point", "08. Center Point\08. Center Point.csproj", "{6FEBF77B-D226-42C4-BCE5-3F02D8237E53}"
EndProject
Project("{FAE04EC0-301F-11D3-BF4B-00C04F79EFBC}") = "09. Longer Line", "09. Longer Line\09. Longer Line.csproj", "{4CB97EA2-20FB-4C70-A6AF-B5978B264838}"
EndProject
Project("{FAE04EC0-301F-11D3-BF4B-00C04F79EFBC}") = "10. Cube Properties", "10. Cube Properties\10. Cube Properties.csproj", "{73BE24B6-B649-427D-A84B-EFD87E190638}"
EndProject
Project("{FAE04EC0-301F-11D3-BF4B-00C04F79EFBC}") = "11. Geometry Calculator", "11. Geometry Calculator\11. Geometry Calculator.csproj", "{F0A36B49-0BEC-4E12-88C6-CC8A66AA1A60}"
EndProject
Project("{FAE04EC0-301F-11D3-BF4B-00C04F79EFBC}") = "12. Master Number", "12. Master Number\12. Master Number.csproj", "{4394EAE6-2383-45CF-8D7F-84CEBEACBBB3}"
EndProject
Project("{FAE04EC0-301F-11D3-BF4B-00C04F79EFBC}") = "13. Factorial", "13. Factorial\13. Factorial.csproj", "{69C36F0E-8BE8-4BF0-8493-2A992F162A36}"
EndProject
Global
	GlobalSection(SolutionConfigurationPlatforms) = preSolution
		Debug|Any CPU = Debug|Any CPU
		Release|Any CPU = Release|Any CPU
	EndGlobalSection
	GlobalSection(ProjectConfigurationPlatforms) = postSolution
		{87A953C2-E081-48F5-A2A3-A33C5922223C}.Debug|Any CPU.ActiveCfg = Debug|Any CPU
		{87A953C2-E081-48F5-A2A3-A33C5922223C}.Debug|Any CPU.Build.0 = Debug|Any CPU
		{87A953C2-E081-48F5-A2A3-A33C5922223C}.Release|Any CPU.ActiveCfg = Release|Any CPU
		{87A953C2-E081-48F5-A2A3-A33C5922223C}.Release|Any CPU.Build.0 = Release|Any CPU
		{970B2A0B-47A9-4C84-8411-912D0C2CE7EC}.Debug|Any CPU.ActiveCfg = Debug|Any CPU
		{970B2A0B-47A9-4C84-8411-912D0C2CE7EC}.Debug|Any CPU.Build.0 = Debug|Any CPU
		{970B2A0B-47A9-4C84-8411-912D0C2CE7EC}.Release|Any CPU.ActiveCfg = Release|Any CPU
		{970B2A0B-47A9-4C84-8411-912D0C2CE7EC}.Release|Any CPU.Build.0 = Release|Any CPU
		{755B9BC7-2DB2-4B67-927B-27DD15D8DA18}.Debug|Any CPU.ActiveCfg = Debug|Any CPU
		{755B9BC7-2DB2-4B67-927B-27DD15D8DA18}.Debug|Any CPU.Build.0 = Debug|Any CPU
		{755B9BC7-2DB2-4B67-927B-27DD15D8DA18}.Release|Any CPU.ActiveCfg = Release|Any CPU
		{755B9BC7-2DB2-4B67-927B-27DD15D8DA18}.Release|Any CPU.Build.0 = Release|Any CPU
		{C4585B10-D2DA-4FE8-BF8B-89C14EB22A11}.Debug|Any CPU.ActiveCfg = Debug|Any CPU
		{C4585B10-D2DA-4FE8-BF8B-89C14EB22A11}.Debug|Any CPU.Build.0 = Debug|Any CPU
		{C4585B10-D2DA-4FE8-BF8B-89C14EB22A11}.Release|Any CPU.ActiveCfg = Release|Any CPU
		{C4585B10-D2DA-4FE8-BF8B-89C14EB22A11}.Release|Any CPU.Build.0 = Release|Any CPU
		{C625C60E-ED96-4FB3-BF1D-4CAC264D5E96}.Debug|Any CPU.ActiveCfg = Debug|Any CPU
		{C625C60E-ED96-4FB3-BF1D-4CAC264D5E96}.Debug|Any CPU.Build.0 = Debug|Any CPU
		{C625C60E-ED96-4FB3-BF1D-4CAC264D5E96}.Release|Any CPU.ActiveCfg = Release|Any CPU
		{C625C60E-ED96-4FB3-BF1D-4CAC264D5E96}.Release|Any CPU.Build.0 = Release|Any CPU
		{D5C00427-A049-456C-80CB-AE7A70118D08}.Debug|Any CPU.ActiveCfg = Debug|Any CPU
		{D5C00427-A049-456C-80CB-AE7A70118D08}.Debug|Any CPU.Build.0 = Debug|Any CPU
		{D5C00427-A049-456C-80CB-AE7A70118D08}.Release|Any CPU.ActiveCfg = Release|Any CPU
		{D5C00427-A049-456C-80CB-AE7A70118D08}.Release|Any CPU.Build.0 = Release|Any CPU
		{949AFC63-05C4-4B05-BFE3-E331A937BDD7}.Debug|Any CPU.ActiveCfg = Debug|Any CPU
		{949AFC63-05C4-4B05-BFE3-E331A937BDD7}.Debug|Any CPU.Build.0 = Debug|Any CPU
		{949AFC63-05C4-4B05-BFE3-E331A937BDD7}.Release|Any CPU.ActiveCfg = Release|Any CPU
		{949AFC63-05C4-4B05-BFE3-E331A937BDD7}.Release|Any CPU.Build.0 = Release|Any CPU
		{6FEBF77B-D226-42C4-BCE5-3F02D8237E53}.Debug|Any CPU.ActiveCfg = Debug|Any CPU
		{6FEBF77B-D226-42C4-BCE5-3F02D8237E53}.Debug|Any CPU.Build.0 = Debug|Any CPU
		{6FEBF77B-D226-42C4-BCE5-3F02D8237E53}.Release|Any CPU.ActiveCfg = Release|Any CPU
		{6FEBF77B-D226-42C4-BCE5-3F02D8237E53}.Release|Any CPU.Build.0 = Release|Any CPU
		{4CB97EA2-20FB-4C70-A6AF-B5978B264838}.Debug|Any CPU.ActiveCfg = Debug|Any CPU
		{4CB97EA2-20FB-4C70-A6AF-B5978B264838}.Debug|Any CPU.Build.0 = Debug|Any CPU
		{4CB97EA2-20FB-4C70-A6AF-B5978B264838}.Release|Any CPU.ActiveCfg = Release|Any CPU
		{4CB97EA2-20FB-4C70-A6AF-B5978B264838}.Release|Any CPU.Build.0 = Release|Any CPU
		{73BE24B6-B649-427D-A84B-EFD87E190638}.Debug|Any CPU.ActiveCfg = Debug|Any CPU
		{73BE24B6-B649-427D-A84B-EFD87E190638}.Debug|Any CPU.Build.0 = Debug|Any CPU
		{73BE24B6-B649-427D-A84B-EFD87E190638}.Release|Any CPU.ActiveCfg = Release|Any CPU
		{73BE24B6-B649-427D-A84B-EFD87E190638}.Release|Any CPU.Build.0 = Release|Any CPU
		{F0A36B49-0BEC-4E12-88C6-CC8A66AA1A60}.Debug|Any CPU.ActiveCfg = Debug|Any CPU
		{F0A36B49-0BEC-4E12-88C6-CC8A66AA1A60}.Debug|Any CPU.Build.0 = Debug|Any CPU
		{F0A36B49-0BEC-4E12-88C6-CC8A66AA1A60}.Release|Any CPU.ActiveCfg = Release|Any CPU
		{F0A36B49-0BEC-4E12-88C6-CC8A66AA1A60}.Release|Any CPU.Build.0 = Release|Any CPU
		{4394EAE6-2383-45CF-8D7F-84CEBEACBBB3}.Debug|Any CPU.ActiveCfg = Debug|Any CPU
		{4394EAE6-2383-45CF-8D7F-84CEBEACBBB3}.Debug|Any CPU.Build.0 = Debug|Any CPU
		{4394EAE6-2383-45CF-8D7F-84CEBEACBBB3}.Release|Any CPU.ActiveCfg = Release|Any CPU
		{4394EAE6-2383-45CF-8D7F-84CEBEACBBB3}.Release|Any CPU.Build.0 = Release|Any CPU
		{69C36F0E-8BE8-4BF0-8493-2A992F162A36}.Debug|Any CPU.ActiveCfg = Debug|Any CPU
		{69C36F0E-8BE8-4BF0-8493-2A992F162A36}.Debug|Any CPU.Build.0 = Debug|Any CPU
		{69C36F0E-8BE8-4BF0-8493-2A992F162A36}.Release|Any CPU.ActiveCfg = Release|Any CPU
		{69C36F0E-8BE8-4BF0-8493-2A992F162A36}.Release|Any CPU.Build.0 = Release|Any CPU
	EndGlobalSection
	GlobalSection(SolutionProperties) = preSolution
		HideSolutionNode = FALSE
	EndGlobalSection
EndGlobal
