
Microsoft Visual Studio Solution File, Format Version 12.00
# Visual Studio 15
VisualStudioVersion = 15.0.26430.14
MinimumVisualStudioVersion = 10.0.40219.1
Project("{FAE04EC0-301F-11D3-BF4B-00C04F79EFBC}") = "Problem 1", "Problem 1\Problem 1.csproj", "{70D17AEC-D064-4BDB-BC9A-18DF49F34270}"
EndProject
Project("{FAE04EC0-301F-11D3-BF4B-00C04F79EFBC}") = "Problem 2", "Problem 2\Problem 2.csproj", "{F5B5C730-7955-4D24-958A-246A210D1C31}"
EndProject
Project("{FAE04EC0-301F-11D3-BF4B-00C04F79EFBC}") = "Problem 3", "Problem 3\Problem 3.csproj", "{1663D279-134D-4DD7-BF7D-3997309DEF91}"
EndProject
Project("{FAE04EC0-301F-11D3-BF4B-00C04F79EFBC}") = "Problem 4", "Problem 4\Problem 4.csproj", "{F81CB75C-7473-4035-BE89-9FD145FA6C91}"
EndProject
Project("{FAE04EC0-301F-11D3-BF4B-00C04F79EFBC}") = "Problem 2.1", "Problem 2.1\Problem 2.1.csproj", "{9D22C515-0130-45A1-81C6-11BCFAAD52D9}"
EndProject
Global
	GlobalSection(SolutionConfigurationPlatforms) = preSolution
		Debug|Any CPU = Debug|Any CPU
		Release|Any CPU = Release|Any CPU
	EndGlobalSection
	GlobalSection(ProjectConfigurationPlatforms) = postSolution
		{70D17AEC-D064-4BDB-BC9A-18DF49F34270}.Debug|Any CPU.ActiveCfg = Debug|Any CPU
		{70D17AEC-D064-4BDB-BC9A-18DF49F34270}.Debug|Any CPU.Build.0 = Debug|Any CPU
		{70D17AEC-D064-4BDB-BC9A-18DF49F34270}.Release|Any CPU.ActiveCfg = Release|Any CPU
		{70D17AEC-D064-4BDB-BC9A-18DF49F34270}.Release|Any CPU.Build.0 = Release|Any CPU
		{F5B5C730-7955-4D24-958A-246A210D1C31}.Debug|Any CPU.ActiveCfg = Debug|Any CPU
		{F5B5C730-7955-4D24-958A-246A210D1C31}.Debug|Any CPU.Build.0 = Debug|Any CPU
		{F5B5C730-7955-4D24-958A-246A210D1C31}.Release|Any CPU.ActiveCfg = Release|Any CPU
		{F5B5C730-7955-4D24-958A-246A210D1C31}.Release|Any CPU.Build.0 = Release|Any CPU
		{1663D279-134D-4DD7-BF7D-3997309DEF91}.Debug|Any CPU.ActiveCfg = Debug|Any CPU
		{1663D279-134D-4DD7-BF7D-3997309DEF91}.Debug|Any CPU.Build.0 = Debug|Any CPU
		{1663D279-134D-4DD7-BF7D-3997309DEF91}.Release|Any CPU.ActiveCfg = Release|Any CPU
		{1663D279-134D-4DD7-BF7D-3997309DEF91}.Release|Any CPU.Build.0 = Release|Any CPU
		{F81CB75C-7473-4035-BE89-9FD145FA6C91}.Debug|Any CPU.ActiveCfg = Debug|Any CPU
		{F81CB75C-7473-4035-BE89-9FD145FA6C91}.Debug|Any CPU.Build.0 = Debug|Any CPU
		{F81CB75C-7473-4035-BE89-9FD145FA6C91}.Release|Any CPU.ActiveCfg = Release|Any CPU
		{F81CB75C-7473-4035-BE89-9FD145FA6C91}.Release|Any CPU.Build.0 = Release|Any CPU
		{9D22C515-0130-45A1-81C6-11BCFAAD52D9}.Debug|Any CPU.ActiveCfg = Debug|Any CPU
		{9D22C515-0130-45A1-81C6-11BCFAAD52D9}.Debug|Any CPU.Build.0 = Debug|Any CPU
		{9D22C515-0130-45A1-81C6-11BCFAAD52D9}.Release|Any CPU.ActiveCfg = Release|Any CPU
		{9D22C515-0130-45A1-81C6-11BCFAAD52D9}.Release|Any CPU.Build.0 = Release|Any CPU
	EndGlobalSection
	GlobalSection(SolutionProperties) = preSolution
		HideSolutionNode = FALSE
	EndGlobalSection
EndGlobal
