
Microsoft Visual Studio Solution File, Format Version 12.00
# Visual Studio 14
VisualStudioVersion = 14.0.25420.1
MinimumVisualStudioVersion = 10.0.40219.1
Project("{FAE04EC0-301F-11D3-BF4B-00C04F79EFBC}") = "ConsoleApplication1", "ConsoleApplication1\ConsoleApplication1.csproj", "{D3EAEE41-07F5-46C6-8584-045B2ADA501C}"
EndProject
Project("{FAE04EC0-301F-11D3-BF4B-00C04F79EFBC}") = "ConsoleApplication2", "ConsoleApplication2\ConsoleApplication2.csproj", "{971388BD-5AEE-4FF8-B664-4D8CE6C6D3A9}"
EndProject
Project("{FAE04EC0-301F-11D3-BF4B-00C04F79EFBC}") = "ConsoleApplication3", "ConsoleApplication3\ConsoleApplication3.csproj", "{5EBF6678-A156-4687-BEEB-09784848BD5A}"
EndProject
Project("{FAE04EC0-301F-11D3-BF4B-00C04F79EFBC}") = "ConsoleApplication4", "ConsoleApplication4\ConsoleApplication4.csproj", "{45A04F7D-BFDC-440B-9BA9-82FA846728AA}"
EndProject
Project("{FAE04EC0-301F-11D3-BF4B-00C04F79EFBC}") = "ConsoleApplication5", "ConsoleApplication5\ConsoleApplication5.csproj", "{F4952D08-92A7-4A1C-8616-601EF983E04E}"
EndProject
Project("{FAE04EC0-301F-11D3-BF4B-00C04F79EFBC}") = "ConsoleApplication6", "ConsoleApplication6\ConsoleApplication6.csproj", "{2BA195FF-057B-4251-BA77-13039E4ABB59}"
EndProject
Project("{FAE04EC0-301F-11D3-BF4B-00C04F79EFBC}") = "ConsoleApplication7", "ConsoleApplication7\ConsoleApplication7.csproj", "{562245AB-83F0-4708-AC8C-1A401CFEB800}"
EndProject
Project("{FAE04EC0-301F-11D3-BF4B-00C04F79EFBC}") = "ConsoleApplication8", "ConsoleApplication8\ConsoleApplication8.csproj", "{195AE564-F6D0-40BB-B480-61C2C0F09278}"
EndProject
Project("{FAE04EC0-301F-11D3-BF4B-00C04F79EFBC}") = "ConsoleApplication9", "ConsoleApplication9\ConsoleApplication9.csproj", "{E1AE934E-9237-4A37-B85D-CD62728C84D3}"
EndProject
Project("{FAE04EC0-301F-11D3-BF4B-00C04F79EFBC}") = "ConsoleApplication10", "ConsoleApplication10\ConsoleApplication10.csproj", "{2F621EAF-2395-4CAC-AEA6-7140675DEDED}"
EndProject
Project("{FAE04EC0-301F-11D3-BF4B-00C04F79EFBC}") = "ConsoleApplication11", "ConsoleApplication11\ConsoleApplication11.csproj", "{5D41892C-126A-4FA0-B028-B906E0B8E2F5}"
EndProject
Project("{FAE04EC0-301F-11D3-BF4B-00C04F79EFBC}") = "ConsoleApplication12", "ConsoleApplication12\ConsoleApplication12.csproj", "{C49C534B-447C-4702-B28B-09CF3A24EE93}"
EndProject
Project("{FAE04EC0-301F-11D3-BF4B-00C04F79EFBC}") = "ConsoleApplication13", "ConsoleApplication13\ConsoleApplication13.csproj", "{365CE30A-098F-43E5-B4E4-A78C6AE57724}"
EndProject
Project("{FAE04EC0-301F-11D3-BF4B-00C04F79EFBC}") = "ConsoleApplication14", "ConsoleApplication14\ConsoleApplication14.csproj", "{562E343A-D92D-4F2E-B69A-49E1200A5BD3}"
EndProject
Project("{FAE04EC0-301F-11D3-BF4B-00C04F79EFBC}") = "ConsoleApplication15", "ConsoleApplication15\ConsoleApplication15.csproj", "{8F9020D7-343A-469B-BD44-96027151B437}"
EndProject
Project("{FAE04EC0-301F-11D3-BF4B-00C04F79EFBC}") = "ConsoleApplication16", "ConsoleApplication16\ConsoleApplication16.csproj", "{9570730F-0CC0-4167-9A28-DD52EC61BA1A}"
EndProject
Project("{FAE04EC0-301F-11D3-BF4B-00C04F79EFBC}") = "ConsoleApplication17", "ConsoleApplication17\ConsoleApplication17.csproj", "{842F63FD-F1F7-4D88-AD50-01535FE23152}"
EndProject
Project("{FAE04EC0-301F-11D3-BF4B-00C04F79EFBC}") = "ConsoleApplication18", "ConsoleApplication18\ConsoleApplication18.csproj", "{660B2655-53FF-462B-9A40-87691F497C1D}"
EndProject
Project("{FAE04EC0-301F-11D3-BF4B-00C04F79EFBC}") = "ConsoleApplication19", "ConsoleApplication19\ConsoleApplication19.csproj", "{63130DB8-46D0-4818-962F-4BF6885068C5}"
EndProject
Project("{FAE04EC0-301F-11D3-BF4B-00C04F79EFBC}") = "ConsoleApplication20", "ConsoleApplication20\ConsoleApplication20.csproj", "{8DB3BF76-0BC5-4E1D-A9AD-3F18259CBA45}"
EndProject
Global
	GlobalSection(SolutionConfigurationPlatforms) = preSolution
		Debug|Any CPU = Debug|Any CPU
		Release|Any CPU = Release|Any CPU
	EndGlobalSection
	GlobalSection(ProjectConfigurationPlatforms) = postSolution
		{D3EAEE41-07F5-46C6-8584-045B2ADA501C}.Debug|Any CPU.ActiveCfg = Debug|Any CPU
		{D3EAEE41-07F5-46C6-8584-045B2ADA501C}.Debug|Any CPU.Build.0 = Debug|Any CPU
		{D3EAEE41-07F5-46C6-8584-045B2ADA501C}.Release|Any CPU.ActiveCfg = Release|Any CPU
		{D3EAEE41-07F5-46C6-8584-045B2ADA501C}.Release|Any CPU.Build.0 = Release|Any CPU
		{971388BD-5AEE-4FF8-B664-4D8CE6C6D3A9}.Debug|Any CPU.ActiveCfg = Debug|Any CPU
		{971388BD-5AEE-4FF8-B664-4D8CE6C6D3A9}.Debug|Any CPU.Build.0 = Debug|Any CPU
		{971388BD-5AEE-4FF8-B664-4D8CE6C6D3A9}.Release|Any CPU.ActiveCfg = Release|Any CPU
		{971388BD-5AEE-4FF8-B664-4D8CE6C6D3A9}.Release|Any CPU.Build.0 = Release|Any CPU
		{5EBF6678-A156-4687-BEEB-09784848BD5A}.Debug|Any CPU.ActiveCfg = Debug|Any CPU
		{5EBF6678-A156-4687-BEEB-09784848BD5A}.Debug|Any CPU.Build.0 = Debug|Any CPU
		{5EBF6678-A156-4687-BEEB-09784848BD5A}.Release|Any CPU.ActiveCfg = Release|Any CPU
		{5EBF6678-A156-4687-BEEB-09784848BD5A}.Release|Any CPU.Build.0 = Release|Any CPU
		{45A04F7D-BFDC-440B-9BA9-82FA846728AA}.Debug|Any CPU.ActiveCfg = Debug|Any CPU
		{45A04F7D-BFDC-440B-9BA9-82FA846728AA}.Debug|Any CPU.Build.0 = Debug|Any CPU
		{45A04F7D-BFDC-440B-9BA9-82FA846728AA}.Release|Any CPU.ActiveCfg = Release|Any CPU
		{45A04F7D-BFDC-440B-9BA9-82FA846728AA}.Release|Any CPU.Build.0 = Release|Any CPU
		{F4952D08-92A7-4A1C-8616-601EF983E04E}.Debug|Any CPU.ActiveCfg = Debug|Any CPU
		{F4952D08-92A7-4A1C-8616-601EF983E04E}.Debug|Any CPU.Build.0 = Debug|Any CPU
		{F4952D08-92A7-4A1C-8616-601EF983E04E}.Release|Any CPU.ActiveCfg = Release|Any CPU
		{F4952D08-92A7-4A1C-8616-601EF983E04E}.Release|Any CPU.Build.0 = Release|Any CPU
		{2BA195FF-057B-4251-BA77-13039E4ABB59}.Debug|Any CPU.ActiveCfg = Debug|Any CPU
		{2BA195FF-057B-4251-BA77-13039E4ABB59}.Debug|Any CPU.Build.0 = Debug|Any CPU
		{2BA195FF-057B-4251-BA77-13039E4ABB59}.Release|Any CPU.ActiveCfg = Release|Any CPU
		{2BA195FF-057B-4251-BA77-13039E4ABB59}.Release|Any CPU.Build.0 = Release|Any CPU
		{562245AB-83F0-4708-AC8C-1A401CFEB800}.Debug|Any CPU.ActiveCfg = Debug|Any CPU
		{562245AB-83F0-4708-AC8C-1A401CFEB800}.Debug|Any CPU.Build.0 = Debug|Any CPU
		{562245AB-83F0-4708-AC8C-1A401CFEB800}.Release|Any CPU.ActiveCfg = Release|Any CPU
		{562245AB-83F0-4708-AC8C-1A401CFEB800}.Release|Any CPU.Build.0 = Release|Any CPU
		{195AE564-F6D0-40BB-B480-61C2C0F09278}.Debug|Any CPU.ActiveCfg = Debug|Any CPU
		{195AE564-F6D0-40BB-B480-61C2C0F09278}.Debug|Any CPU.Build.0 = Debug|Any CPU
		{195AE564-F6D0-40BB-B480-61C2C0F09278}.Release|Any CPU.ActiveCfg = Release|Any CPU
		{195AE564-F6D0-40BB-B480-61C2C0F09278}.Release|Any CPU.Build.0 = Release|Any CPU
		{E1AE934E-9237-4A37-B85D-CD62728C84D3}.Debug|Any CPU.ActiveCfg = Debug|Any CPU
		{E1AE934E-9237-4A37-B85D-CD62728C84D3}.Debug|Any CPU.Build.0 = Debug|Any CPU
		{E1AE934E-9237-4A37-B85D-CD62728C84D3}.Release|Any CPU.ActiveCfg = Release|Any CPU
		{E1AE934E-9237-4A37-B85D-CD62728C84D3}.Release|Any CPU.Build.0 = Release|Any CPU
		{2F621EAF-2395-4CAC-AEA6-7140675DEDED}.Debug|Any CPU.ActiveCfg = Debug|Any CPU
		{2F621EAF-2395-4CAC-AEA6-7140675DEDED}.Debug|Any CPU.Build.0 = Debug|Any CPU
		{2F621EAF-2395-4CAC-AEA6-7140675DEDED}.Release|Any CPU.ActiveCfg = Release|Any CPU
		{2F621EAF-2395-4CAC-AEA6-7140675DEDED}.Release|Any CPU.Build.0 = Release|Any CPU
		{5D41892C-126A-4FA0-B028-B906E0B8E2F5}.Debug|Any CPU.ActiveCfg = Debug|Any CPU
		{5D41892C-126A-4FA0-B028-B906E0B8E2F5}.Debug|Any CPU.Build.0 = Debug|Any CPU
		{5D41892C-126A-4FA0-B028-B906E0B8E2F5}.Release|Any CPU.ActiveCfg = Release|Any CPU
		{5D41892C-126A-4FA0-B028-B906E0B8E2F5}.Release|Any CPU.Build.0 = Release|Any CPU
		{C49C534B-447C-4702-B28B-09CF3A24EE93}.Debug|Any CPU.ActiveCfg = Debug|Any CPU
		{C49C534B-447C-4702-B28B-09CF3A24EE93}.Debug|Any CPU.Build.0 = Debug|Any CPU
		{C49C534B-447C-4702-B28B-09CF3A24EE93}.Release|Any CPU.ActiveCfg = Release|Any CPU
		{C49C534B-447C-4702-B28B-09CF3A24EE93}.Release|Any CPU.Build.0 = Release|Any CPU
		{365CE30A-098F-43E5-B4E4-A78C6AE57724}.Debug|Any CPU.ActiveCfg = Debug|Any CPU
		{365CE30A-098F-43E5-B4E4-A78C6AE57724}.Debug|Any CPU.Build.0 = Debug|Any CPU
		{365CE30A-098F-43E5-B4E4-A78C6AE57724}.Release|Any CPU.ActiveCfg = Release|Any CPU
		{365CE30A-098F-43E5-B4E4-A78C6AE57724}.Release|Any CPU.Build.0 = Release|Any CPU
		{562E343A-D92D-4F2E-B69A-49E1200A5BD3}.Debug|Any CPU.ActiveCfg = Debug|Any CPU
		{562E343A-D92D-4F2E-B69A-49E1200A5BD3}.Debug|Any CPU.Build.0 = Debug|Any CPU
		{562E343A-D92D-4F2E-B69A-49E1200A5BD3}.Release|Any CPU.ActiveCfg = Release|Any CPU
		{562E343A-D92D-4F2E-B69A-49E1200A5BD3}.Release|Any CPU.Build.0 = Release|Any CPU
		{8F9020D7-343A-469B-BD44-96027151B437}.Debug|Any CPU.ActiveCfg = Debug|Any CPU
		{8F9020D7-343A-469B-BD44-96027151B437}.Debug|Any CPU.Build.0 = Debug|Any CPU
		{8F9020D7-343A-469B-BD44-96027151B437}.Release|Any CPU.ActiveCfg = Release|Any CPU
		{8F9020D7-343A-469B-BD44-96027151B437}.Release|Any CPU.Build.0 = Release|Any CPU
		{9570730F-0CC0-4167-9A28-DD52EC61BA1A}.Debug|Any CPU.ActiveCfg = Debug|Any CPU
		{9570730F-0CC0-4167-9A28-DD52EC61BA1A}.Debug|Any CPU.Build.0 = Debug|Any CPU
		{9570730F-0CC0-4167-9A28-DD52EC61BA1A}.Release|Any CPU.ActiveCfg = Release|Any CPU
		{9570730F-0CC0-4167-9A28-DD52EC61BA1A}.Release|Any CPU.Build.0 = Release|Any CPU
		{842F63FD-F1F7-4D88-AD50-01535FE23152}.Debug|Any CPU.ActiveCfg = Debug|Any CPU
		{842F63FD-F1F7-4D88-AD50-01535FE23152}.Debug|Any CPU.Build.0 = Debug|Any CPU
		{842F63FD-F1F7-4D88-AD50-01535FE23152}.Release|Any CPU.ActiveCfg = Release|Any CPU
		{842F63FD-F1F7-4D88-AD50-01535FE23152}.Release|Any CPU.Build.0 = Release|Any CPU
		{660B2655-53FF-462B-9A40-87691F497C1D}.Debug|Any CPU.ActiveCfg = Debug|Any CPU
		{660B2655-53FF-462B-9A40-87691F497C1D}.Debug|Any CPU.Build.0 = Debug|Any CPU
		{660B2655-53FF-462B-9A40-87691F497C1D}.Release|Any CPU.ActiveCfg = Release|Any CPU
		{660B2655-53FF-462B-9A40-87691F497C1D}.Release|Any CPU.Build.0 = Release|Any CPU
		{63130DB8-46D0-4818-962F-4BF6885068C5}.Debug|Any CPU.ActiveCfg = Debug|Any CPU
		{63130DB8-46D0-4818-962F-4BF6885068C5}.Debug|Any CPU.Build.0 = Debug|Any CPU
		{63130DB8-46D0-4818-962F-4BF6885068C5}.Release|Any CPU.ActiveCfg = Release|Any CPU
		{63130DB8-46D0-4818-962F-4BF6885068C5}.Release|Any CPU.Build.0 = Release|Any CPU
		{8DB3BF76-0BC5-4E1D-A9AD-3F18259CBA45}.Debug|Any CPU.ActiveCfg = Debug|Any CPU
		{8DB3BF76-0BC5-4E1D-A9AD-3F18259CBA45}.Debug|Any CPU.Build.0 = Debug|Any CPU
		{8DB3BF76-0BC5-4E1D-A9AD-3F18259CBA45}.Release|Any CPU.ActiveCfg = Release|Any CPU
		{8DB3BF76-0BC5-4E1D-A9AD-3F18259CBA45}.Release|Any CPU.Build.0 = Release|Any CPU
	EndGlobalSection
	GlobalSection(SolutionProperties) = preSolution
		HideSolutionNode = FALSE
	EndGlobalSection
EndGlobal
